# This file was autogenerated by Stack.
# You should not edit this file by hand.
# For more information, please see the documentation at:
#   https://docs.haskellstack.org/en/stable/lock_files

packages:
- completed:
    hackage: template-haskell-2.14.0.0@sha256:e3747ae9e2aeec160196706dd470b5fc4175678ec4136bcec9124534f67d83bc,1724
    pantry-tree:
      size: 850
      sha256: f9b83407460047e23f730ac0d492ae80f86667a5ba15d3294e61d2aa147ec3d4
  original:
    hackage: template-haskell-2.14.0.0
- completed:
    hackage: reflection-2.1.4@sha256:ec59dff319b709bb2b32e5eec2392f1701af1a803e01da4d6a07c1bd23892b16,3635
    pantry-tree:
      size: 891
      sha256: 843cf919d6e477662c572431316a6ced5aec0400df24da45613a3e244a57d7c4
  original:
    hackage: reflection-2.1.4
- completed:
    hackage: criterion-1.5.4.0@sha256:6f64338a86fcf2fdb36b30ac7da474ec2977eb9b70eff7516d51816c26bb64a2,5089
    pantry-tree:
      size: 2278
      sha256: 41ca78a1cbb7309d754a23b691a1f28a28fb405f45a28b152ab6a5f48a1d1ae1
  original:
    hackage: criterion-1.5.4.0
snapshots:
- completed:
    size: 495203
    url: https://raw.githubusercontent.com/commercialhaskell/stackage-snapshots/master/lts/13/8.yaml
    sha256: 91139b0de6b320b13e27d5e6e6c368e239974b06fb9dc86d8d96da08697972ac
  original: lts-13.8
